
Microsoft Visual Studio Solution File, Format Version 12.00
# Visual Studio Version 16
VisualStudioVersion = 16.0.29409.12
MinimumVisualStudioVersion = 10.0.40219.1
Project("{FAE04EC0-301F-11D3-BF4B-00C04F79EFBC}") = "Lumememm", "Lumememm\Lumememm.csproj", "{5AE8BBFC-6BAF-4D88-96A0-7613296B4F3A}"
EndProject
Global
	GlobalSection(SolutionConfigurationPlatforms) = preSolution
		Debug|Any CPU = Debug|Any CPU
		Release|Any CPU = Release|Any CPU
	EndGlobalSection
	GlobalSection(ProjectConfigurationPlatforms) = postSolution
		{5AE8BBFC-6BAF-4D88-96A0-7613296B4F3A}.Debug|Any CPU.ActiveCfg = Debug|Any CPU
		{5AE8BBFC-6BAF-4D88-96A0-7613296B4F3A}.Debug|Any CPU.Build.0 = Debug|Any CPU
		{5AE8BBFC-6BAF-4D88-96A0-7613296B4F3A}.Release|Any CPU.ActiveCfg = Release|Any CPU
		{5AE8BBFC-6BAF-4D88-96A0-7613296B4F3A}.Release|Any CPU.Build.0 = Release|Any CPU
	EndGlobalSection
	GlobalSection(SolutionProperties) = preSolution
		HideSolutionNode = FALSE
	EndGlobalSection
	GlobalSection(ExtensibilityGlobals) = postSolution
		SolutionGuid = {31FA7099-FF91-4BDA-B953-ECDA11394E92}
	EndGlobalSection
EndGlobal
